
Microsoft Visual Studio Solution File, Format Version 12.00
# Visual Studio 15
VisualStudioVersion = 15.0.28307.1231
MinimumVisualStudioVersion = 10.0.40219.1
Project("{FAE04EC0-301F-11D3-BF4B-00C04F79EFBC}") = "MerchantGalaxyHelper", "MerchantGalaxyHelper\MerchantGalaxyHelper.csproj", "{707B5EE1-D57C-4EEE-AD02-7CD1A7461F34}"
EndProject
Project("{FAE04EC0-301F-11D3-BF4B-00C04F79EFBC}") = "MerchantGalaxyTest", "MerchantGalaxyTest\MerchantGalaxyTest.csproj", "{599F04B1-0F47-4ECE-AAFC-1863EEE01B51}"
EndProject
Global
	GlobalSection(SolutionConfigurationPlatforms) = preSolution
		Debug|Any CPU = Debug|Any CPU
		Release|Any CPU = Release|Any CPU
	EndGlobalSection
	GlobalSection(ProjectConfigurationPlatforms) = postSolution
		{707B5EE1-D57C-4EEE-AD02-7CD1A7461F34}.Debug|Any CPU.ActiveCfg = Debug|Any CPU
		{707B5EE1-D57C-4EEE-AD02-7CD1A7461F34}.Debug|Any CPU.Build.0 = Debug|Any CPU
		{707B5EE1-D57C-4EEE-AD02-7CD1A7461F34}.Release|Any CPU.ActiveCfg = Release|Any CPU
		{707B5EE1-D57C-4EEE-AD02-7CD1A7461F34}.Release|Any CPU.Build.0 = Release|Any CPU
		{599F04B1-0F47-4ECE-AAFC-1863EEE01B51}.Debug|Any CPU.ActiveCfg = Debug|Any CPU
		{599F04B1-0F47-4ECE-AAFC-1863EEE01B51}.Debug|Any CPU.Build.0 = Debug|Any CPU
		{599F04B1-0F47-4ECE-AAFC-1863EEE01B51}.Release|Any CPU.ActiveCfg = Release|Any CPU
		{599F04B1-0F47-4ECE-AAFC-1863EEE01B51}.Release|Any CPU.Build.0 = Release|Any CPU
	EndGlobalSection
	GlobalSection(SolutionProperties) = preSolution
		HideSolutionNode = FALSE
	EndGlobalSection
	GlobalSection(ExtensibilityGlobals) = postSolution
		SolutionGuid = {5BC6EAFC-8A62-4CC1-977F-314FEC871374}
	EndGlobalSection
EndGlobal
